
Microsoft Visual Studio Solution File, Format Version 12.00
# Visual Studio Version 17
VisualStudioVersion = 17.1.32407.343
MinimumVisualStudioVersion = 10.0.40219.1
Project("{2150E333-8FDC-42A3-9474-1A3956D46DE8}") = "src", "src", "{E0514E1A-A41F-4FE6-9465-04DF829B05AB}"
EndProject
Project("{2150E333-8FDC-42A3-9474-1A3956D46DE8}") = "00-Presentation", "00-Presentation", "{5B9F1449-CDA5-46DA-B7FD-96C7AF268EFC}"
EndProject
Project("{2150E333-8FDC-42A3-9474-1A3956D46DE8}") = "10-Service", "10-Service", "{BA334669-D156-4FC2-919C-76F7F2AB051F}"
EndProject
Project("{2150E333-8FDC-42A3-9474-1A3956D46DE8}") = "20-Domain", "20-Domain", "{86FA372A-44EF-46B8-8EF5-4A10D9F96024}"
EndProject
Project("{2150E333-8FDC-42A3-9474-1A3956D46DE8}") = "30-Infra", "30-Infra", "{C8CC0101-BEFA-4FB0-9C79-E242B3EBA3D8}"
EndProject
Project("{2150E333-8FDC-42A3-9474-1A3956D46DE8}") = "40-Test", "40-Test", "{2C964F41-EC47-4011-82BB-82DDB9E890CA}"
EndProject
Project("{9A19103F-16F7-4668-BE54-9A1E7A4F7556}") = "TE.BE.City.Api", "TE.BE.City.Presentation\TE.BE.City.Api.csproj", "{F6FF89BB-CACB-462D-B9CC-F5EA0EFFDE9C}"
EndProject
Project("{9A19103F-16F7-4668-BE54-9A1E7A4F7556}") = "TE.BE.City.Service", "TE.BE.City.Service\TE.BE.City.Service.csproj", "{3E18F21B-C4E5-4384-851A-A8103C1EAE61}"
EndProject
Project("{9A19103F-16F7-4668-BE54-9A1E7A4F7556}") = "TE.BE.City.Domain", "TE.BE.City.Domain\TE.BE.City.Domain.csproj", "{C11A8394-5135-4BCD-B290-BCA75E0FB52C}"
EndProject
Project("{9A19103F-16F7-4668-BE54-9A1E7A4F7556}") = "TE.BE.City.Infra.CrossCutting", "TE.BE.City.Infra.CrossCutting\TE.BE.City.Infra.CrossCutting.csproj", "{09E9D2D5-B2E9-4C46-A6B0-344ACD4EEAAA}"
EndProject
Project("{9A19103F-16F7-4668-BE54-9A1E7A4F7556}") = "TE.BE.City.Infra.Data", "TE.BE.City.Infra.Data\TE.BE.City.Infra.Data.csproj", "{32658B62-C237-4C77-A7A0-B7FCE8AF107E}"
EndProject
Project("{9A19103F-16F7-4668-BE54-9A1E7A4F7556}") = "TE.BE.City.Unit.Test", "TE.BE.City.Test.UnitTest\TE.BE.City.Unit.Test.csproj", "{83A2747E-EF4C-4063-9C52-C59ABB950A51}"
EndProject
Global
	GlobalSection(SolutionConfigurationPlatforms) = preSolution
		Debug|Any CPU = Debug|Any CPU
		Release|Any CPU = Release|Any CPU
	EndGlobalSection
	GlobalSection(ProjectConfigurationPlatforms) = postSolution
		{F6FF89BB-CACB-462D-B9CC-F5EA0EFFDE9C}.Debug|Any CPU.ActiveCfg = Debug|Any CPU
		{F6FF89BB-CACB-462D-B9CC-F5EA0EFFDE9C}.Debug|Any CPU.Build.0 = Debug|Any CPU
		{F6FF89BB-CACB-462D-B9CC-F5EA0EFFDE9C}.Release|Any CPU.ActiveCfg = Release|Any CPU
		{F6FF89BB-CACB-462D-B9CC-F5EA0EFFDE9C}.Release|Any CPU.Build.0 = Release|Any CPU
		{3E18F21B-C4E5-4384-851A-A8103C1EAE61}.Debug|Any CPU.ActiveCfg = Debug|Any CPU
		{3E18F21B-C4E5-4384-851A-A8103C1EAE61}.Debug|Any CPU.Build.0 = Debug|Any CPU
		{3E18F21B-C4E5-4384-851A-A8103C1EAE61}.Release|Any CPU.ActiveCfg = Release|Any CPU
		{3E18F21B-C4E5-4384-851A-A8103C1EAE61}.Release|Any CPU.Build.0 = Release|Any CPU
		{C11A8394-5135-4BCD-B290-BCA75E0FB52C}.Debug|Any CPU.ActiveCfg = Debug|Any CPU
		{C11A8394-5135-4BCD-B290-BCA75E0FB52C}.Debug|Any CPU.Build.0 = Debug|Any CPU
		{C11A8394-5135-4BCD-B290-BCA75E0FB52C}.Release|Any CPU.ActiveCfg = Release|Any CPU
		{C11A8394-5135-4BCD-B290-BCA75E0FB52C}.Release|Any CPU.Build.0 = Release|Any CPU
		{09E9D2D5-B2E9-4C46-A6B0-344ACD4EEAAA}.Debug|Any CPU.ActiveCfg = Debug|Any CPU
		{09E9D2D5-B2E9-4C46-A6B0-344ACD4EEAAA}.Debug|Any CPU.Build.0 = Debug|Any CPU
		{09E9D2D5-B2E9-4C46-A6B0-344ACD4EEAAA}.Release|Any CPU.ActiveCfg = Release|Any CPU
		{09E9D2D5-B2E9-4C46-A6B0-344ACD4EEAAA}.Release|Any CPU.Build.0 = Release|Any CPU
		{32658B62-C237-4C77-A7A0-B7FCE8AF107E}.Debug|Any CPU.ActiveCfg = Debug|Any CPU
		{32658B62-C237-4C77-A7A0-B7FCE8AF107E}.Debug|Any CPU.Build.0 = Debug|Any CPU
		{32658B62-C237-4C77-A7A0-B7FCE8AF107E}.Release|Any CPU.ActiveCfg = Release|Any CPU
		{32658B62-C237-4C77-A7A0-B7FCE8AF107E}.Release|Any CPU.Build.0 = Release|Any CPU
		{83A2747E-EF4C-4063-9C52-C59ABB950A51}.Debug|Any CPU.ActiveCfg = Debug|Any CPU
		{83A2747E-EF4C-4063-9C52-C59ABB950A51}.Debug|Any CPU.Build.0 = Debug|Any CPU
		{83A2747E-EF4C-4063-9C52-C59ABB950A51}.Release|Any CPU.ActiveCfg = Release|Any CPU
		{83A2747E-EF4C-4063-9C52-C59ABB950A51}.Release|Any CPU.Build.0 = Release|Any CPU
	EndGlobalSection
	GlobalSection(SolutionProperties) = preSolution
		HideSolutionNode = FALSE
	EndGlobalSection
	GlobalSection(NestedProjects) = preSolution
		{5B9F1449-CDA5-46DA-B7FD-96C7AF268EFC} = {E0514E1A-A41F-4FE6-9465-04DF829B05AB}
		{BA334669-D156-4FC2-919C-76F7F2AB051F} = {E0514E1A-A41F-4FE6-9465-04DF829B05AB}
		{86FA372A-44EF-46B8-8EF5-4A10D9F96024} = {E0514E1A-A41F-4FE6-9465-04DF829B05AB}
		{C8CC0101-BEFA-4FB0-9C79-E242B3EBA3D8} = {E0514E1A-A41F-4FE6-9465-04DF829B05AB}
		{2C964F41-EC47-4011-82BB-82DDB9E890CA} = {E0514E1A-A41F-4FE6-9465-04DF829B05AB}
		{F6FF89BB-CACB-462D-B9CC-F5EA0EFFDE9C} = {5B9F1449-CDA5-46DA-B7FD-96C7AF268EFC}
		{3E18F21B-C4E5-4384-851A-A8103C1EAE61} = {BA334669-D156-4FC2-919C-76F7F2AB051F}
		{C11A8394-5135-4BCD-B290-BCA75E0FB52C} = {86FA372A-44EF-46B8-8EF5-4A10D9F96024}
		{09E9D2D5-B2E9-4C46-A6B0-344ACD4EEAAA} = {C8CC0101-BEFA-4FB0-9C79-E242B3EBA3D8}
		{32658B62-C237-4C77-A7A0-B7FCE8AF107E} = {C8CC0101-BEFA-4FB0-9C79-E242B3EBA3D8}
		{83A2747E-EF4C-4063-9C52-C59ABB950A51} = {2C964F41-EC47-4011-82BB-82DDB9E890CA}
	EndGlobalSection
	GlobalSection(ExtensibilityGlobals) = postSolution
		SolutionGuid = {B18665A8-9AA4-4357-BE2B-8AB280F48D72}
	EndGlobalSection
EndGlobal
